<Solution>
  <Folder Name="/src/">
    <Project Path="FluentA.API/FluentA.API.csproj" />
    <Project Path="FluentA.Application/FluentA.Application.csproj" />
    <Project Path="FluentA.Domain/FluentA.Domain.csproj" />
    <Project Path="FluentA.Infrastructure/FluentA.Infrastructure.csproj" />
  </Folder>

  <Folder Name="/test/">
    <Project Path="FluentA.API.UnitTests/FluentA.API.UnitTests.csproj" />
    <Project Path="FluentA.Application.UnitTests/FluentA.Application.UnitTests.csproj" />
    <Project Path="FluentA.Domain.UnitTests/FluentA.Domain.UnitTests.csproj" />
    <Project Path="FluentA.Infrastructure.UnitTests/FluentA.Infrastructure.UnitTests.csproj" />
  </Folder>
</Solution>
